
Microsoft Visual Studio Solution File, Format Version 12.00
# Visual Studio 15
VisualStudioVersion = 15.0.27520.0
MinimumVisualStudioVersion = 10.0.40219.1
Project("{9A19103F-16F7-4668-BE54-9A1E7A4F7556}") = "Rankr", "Rankr\Rankr.csproj", "{BC8234F5-44BB-4284-A6FE-0B71968C2703}"
EndProject
Project("{9A19103F-16F7-4668-BE54-9A1E7A4F7556}") = "Rankr.Service", "Rankr.Service\Rankr.Service.csproj", "{AD146C02-8FCC-4522-A7AF-C51FEA81C805}"
EndProject
Project("{9A19103F-16F7-4668-BE54-9A1E7A4F7556}") = "Rankr.Service.Domain", "Rankr.Service.Domain\Rankr.Service.Domain.csproj", "{878DF7F6-DBE2-487A-BF47-88751FA0F04D}"
EndProject
Project("{FAE04EC0-301F-11D3-BF4B-00C04F79EFBC}") = "Rankr.Model", "Rankr.Model\Rankr.Model.csproj", "{316ED48A-A7A7-45B1-A4D6-864639ADD0CA}"
EndProject
Global
	GlobalSection(SolutionConfigurationPlatforms) = preSolution
		Debug|Any CPU = Debug|Any CPU
		Release|Any CPU = Release|Any CPU
	EndGlobalSection
	GlobalSection(ProjectConfigurationPlatforms) = postSolution
		{BC8234F5-44BB-4284-A6FE-0B71968C2703}.Debug|Any CPU.ActiveCfg = Debug|Any CPU
		{BC8234F5-44BB-4284-A6FE-0B71968C2703}.Debug|Any CPU.Build.0 = Debug|Any CPU
		{BC8234F5-44BB-4284-A6FE-0B71968C2703}.Release|Any CPU.ActiveCfg = Release|Any CPU
		{BC8234F5-44BB-4284-A6FE-0B71968C2703}.Release|Any CPU.Build.0 = Release|Any CPU
		{AD146C02-8FCC-4522-A7AF-C51FEA81C805}.Debug|Any CPU.ActiveCfg = Debug|Any CPU
		{AD146C02-8FCC-4522-A7AF-C51FEA81C805}.Debug|Any CPU.Build.0 = Debug|Any CPU
		{AD146C02-8FCC-4522-A7AF-C51FEA81C805}.Release|Any CPU.ActiveCfg = Release|Any CPU
		{AD146C02-8FCC-4522-A7AF-C51FEA81C805}.Release|Any CPU.Build.0 = Release|Any CPU
		{878DF7F6-DBE2-487A-BF47-88751FA0F04D}.Debug|Any CPU.ActiveCfg = Debug|Any CPU
		{878DF7F6-DBE2-487A-BF47-88751FA0F04D}.Debug|Any CPU.Build.0 = Debug|Any CPU
		{878DF7F6-DBE2-487A-BF47-88751FA0F04D}.Release|Any CPU.ActiveCfg = Release|Any CPU
		{878DF7F6-DBE2-487A-BF47-88751FA0F04D}.Release|Any CPU.Build.0 = Release|Any CPU
		{316ED48A-A7A7-45B1-A4D6-864639ADD0CA}.Debug|Any CPU.ActiveCfg = Debug|Any CPU
		{316ED48A-A7A7-45B1-A4D6-864639ADD0CA}.Debug|Any CPU.Build.0 = Debug|Any CPU
		{316ED48A-A7A7-45B1-A4D6-864639ADD0CA}.Release|Any CPU.ActiveCfg = Release|Any CPU
		{316ED48A-A7A7-45B1-A4D6-864639ADD0CA}.Release|Any CPU.Build.0 = Release|Any CPU
	EndGlobalSection
	GlobalSection(SolutionProperties) = preSolution
		HideSolutionNode = FALSE
	EndGlobalSection
	GlobalSection(ExtensibilityGlobals) = postSolution
		SolutionGuid = {6BF94A4D-7B9A-4314-8D36-81EBCBFDCA70}
	EndGlobalSection
EndGlobal
